// !$*UTF8*$!
{
	archiveVersion = 1;
	classes = {
	};
	objectVersion = 50;
	objects = {

/* Begin PBXBuildFile section */
		121DA286223570EB00392B02 /* FourthViewController.swift in Sources */ = {isa = PBXBuildFile; fileRef = 121DA285223570EB00392B02 /* FourthViewController.swift */; };
		121DA2882235728400392B02 /* TabBarViewController.swift in Sources */ = {isa = PBXBuildFile; fileRef = 121DA2872235728400392B02 /* TabBarViewController.swift */; };
		121DA28A2237255400392B02 /* ChordsTableViewController.swift in Sources */ = {isa = PBXBuildFile; fileRef = 121DA2892237255400392B02 /* ChordsTableViewController.swift */; };
		121DA28C223725CC00392B02 /* ScalesTableViewController.swift in Sources */ = {isa = PBXBuildFile; fileRef = 121DA28B223725CC00392B02 /* ScalesTableViewController.swift */; };
		121DA28E223807C100392B02 /* ArpeggiosTableViewController.swift in Sources */ = {isa = PBXBuildFile; fileRef = 121DA28D223807C100392B02 /* ArpeggiosTableViewController.swift */; };
		1244377E22259D5500EE06B4 /* AppDelegate.swift in Sources */ = {isa = PBXBuildFile; fileRef = 1244377D22259D5500EE06B4 /* AppDelegate.swift */; };
		1244378522259D5500EE06B4 /* Main.storyboard in Resources */ = {isa = PBXBuildFile; fileRef = 1244378322259D5500EE06B4 /* Main.storyboard */; };
		1244378722259D5700EE06B4 /* Assets.xcassets in Resources */ = {isa = PBXBuildFile; fileRef = 1244378622259D5700EE06B4 /* Assets.xcassets */; };
		1244378A22259D5700EE06B4 /* LaunchScreen.storyboard in Resources */ = {isa = PBXBuildFile; fileRef = 1244378822259D5700EE06B4 /* LaunchScreen.storyboard */; };
/* End PBXBuildFile section */

/* Begin PBXFileReference section */
		121DA285223570EB00392B02 /* FourthViewController.swift */ = {isa = PBXFileReference; lastKnownFileType = sourcecode.swift; path = FourthViewController.swift; sourceTree = "<group>"; };
		121DA2872235728400392B02 /* TabBarViewController.swift */ = {isa = PBXFileReference; lastKnownFileType = sourcecode.swift; path = TabBarViewController.swift; sourceTree = "<group>"; };
		121DA2892237255400392B02 /* ChordsTableViewController.swift */ = {isa = PBXFileReference; lastKnownFileType = sourcecode.swift; path = ChordsTableViewController.swift; sourceTree = "<group>"; };
		121DA28B223725CC00392B02 /* ScalesTableViewController.swift */ = {isa = PBXFileReference; lastKnownFileType = sourcecode.swift; path = ScalesTableViewController.swift; sourceTree = "<group>"; };
		121DA28D223807C100392B02 /* ArpeggiosTableViewController.swift */ = {isa = PBXFileReference; lastKnownFileType = sourcecode.swift; path = ArpeggiosTableViewController.swift; sourceTree = "<group>"; };
		1244377A22259D5500EE06B4 /* Guitar Theory.app */ = {isa = PBXFileReference; explicitFileType = wrapper.application; includeInIndex = 0; path = "Guitar Theory.app"; sourceTree = BUILT_PRODUCTS_DIR; };
		1244377D22259D5500EE06B4 /* AppDelegate.swift */ = {isa = PBXFileReference; lastKnownFileType = sourcecode.swift; path = AppDelegate.swift; sourceTree = "<group>"; };
		1244378422259D5500EE06B4 /* Base */ = {isa = PBXFileReference; lastKnownFileType = file.storyboard; name = Base; path = Base.lproj/Main.storyboard; sourceTree = "<group>"; };
		1244378622259D5700EE06B4 /* Assets.xcassets */ = {isa = PBXFileReference; lastKnownFileType = folder.assetcatalog; path = Assets.xcassets; sourceTree = "<group>"; };
		1244378922259D5700EE06B4 /* Base */ = {isa = PBXFileReference; lastKnownFileType = file.storyboard; name = Base; path = Base.lproj/LaunchScreen.storyboard; sourceTree = "<group>"; };
		1244378B22259D5700EE06B4 /* Info.plist */ = {isa = PBXFileReference; lastKnownFileType = text.plist.xml; path = Info.plist; sourceTree = "<group>"; };
/* End PBXFileReference section */

/* Begin PBXFrameworksBuildPhase section */
		1244377722259D5500EE06B4 /* Frameworks */ = {
			isa = PBXFrameworksBuildPhase;
			buildActionMask = 2147483647;
			files = (
			);
			runOnlyForDeploymentPostprocessing = 0;
		};
/* End PBXFrameworksBuildPhase section */

/* Begin PBXGroup section */
		1244377122259D5500EE06B4 = {
			isa = PBXGroup;
			children = (
				1244377C22259D5500EE06B4 /* Guitar Theory */,
				1244377B22259D5500EE06B4 /* Products */,
			);
			sourceTree = "<group>";
		};
		1244377B22259D5500EE06B4 /* Products */ = {
			isa = PBXGroup;
			children = (
				1244377A22259D5500EE06B4 /* Guitar Theory.app */,
			);
			name = Products;
			sourceTree = "<group>";
		};
		1244377C22259D5500EE06B4 /* Guitar Theory */ = {
			isa = PBXGroup;
			children = (
				1244377D22259D5500EE06B4 /* AppDelegate.swift */,
				1244378322259D5500EE06B4 /* Main.storyboard */,
				121DA28D223807C100392B02 /* ArpeggiosTableViewController.swift */,
				121DA28B223725CC00392B02 /* ScalesTableViewController.swift */,
				121DA2892237255400392B02 /* ChordsTableViewController.swift */,
				121DA2872235728400392B02 /* TabBarViewController.swift */,
				121DA285223570EB00392B02 /* FourthViewController.swift */,
				1244378622259D5700EE06B4 /* Assets.xcassets */,
				1244378822259D5700EE06B4 /* LaunchScreen.storyboard */,
				1244378B22259D5700EE06B4 /* Info.plist */,
			);
			path = "Guitar Theory";
			sourceTree = "<group>";
		};
/* End PBXGroup section */

/* Begin PBXNativeTarget section */
		1244377922259D5500EE06B4 /* Guitar Theory */ = {
			isa = PBXNativeTarget;
			buildConfigurationList = 1244378E22259D5700EE06B4 /* Build configuration list for PBXNativeTarget "Guitar Theory" */;
			buildPhases = (
				1244377622259D5500EE06B4 /* Sources */,
				1244377722259D5500EE06B4 /* Frameworks */,
				1244377822259D5500EE06B4 /* Resources */,
			);
			buildRules = (
			);
			dependencies = (
			);
			name = "Guitar Theory";
			productName = "Guitar Theory";
			productReference = 1244377A22259D5500EE06B4 /* Guitar Theory.app */;
			productType = "com.apple.product-type.application";
		};
/* End PBXNativeTarget section */

/* Begin PBXProject section */
		1244377222259D5500EE06B4 /* Project object */ = {
			isa = PBXProject;
			attributes = {
				LastSwiftUpdateCheck = 1020;
				LastUpgradeCheck = 1020;
				ORGANIZATIONNAME = "Matt Sexton";
				TargetAttributes = {
					1244377922259D5500EE06B4 = {
						CreatedOnToolsVersion = 10.2;
					};
				};
			};
			buildConfigurationList = 1244377522259D5500EE06B4 /* Build configuration list for PBXProject "Guitar Theory" */;
			compatibilityVersion = "Xcode 9.3";
			developmentRegion = en;
			hasScannedForEncodings = 0;
			knownRegions = (
				en,
				Base,
			);
			mainGroup = 1244377122259D5500EE06B4;
			productRefGroup = 1244377B22259D5500EE06B4 /* Products */;
			projectDirPath = "";
			projectRoot = "";
			targets = (
				1244377922259D5500EE06B4 /* Guitar Theory */,
			);
		};
/* End PBXProject section */

/* Begin PBXResourcesBuildPhase section */
		1244377822259D5500EE06B4 /* Resources */ = {
			isa = PBXResourcesBuildPhase;
			buildActionMask = 2147483647;
			files = (
				1244378A22259D5700EE06B4 /* LaunchScreen.storyboard in Resources */,
				1244378722259D5700EE06B4 /* Assets.xcassets in Resources */,
				1244378522259D5500EE06B4 /* Main.storyboard in Resources */,
			);
			runOnlyForDeploymentPostprocessing = 0;
		};
/* End PBXResourcesBuildPhase section */

/* Begin PBXSourcesBuildPhase section */
		1244377622259D5500EE06B4 /* Sources */ = {
			isa = PBXSourcesBuildPhase;
			buildActionMask = 2147483647;
			files = (
				121DA28E223807C100392B02 /* ArpeggiosTableViewController.swift in Sources */,
				1244377E22259D5500EE06B4 /* AppDelegate.swift in Sources */,
				121DA2882235728400392B02 /* TabBarViewController.swift in Sources */,
				121DA286223570EB00392B02 /* FourthViewController.swift in Sources */,
				121DA28C223725CC00392B02 /* ScalesTableViewController.swift in Sources */,
				121DA28A2237255400392B02 /* ChordsTableViewController.swift in Sources */,
			);
			runOnlyForDeploymentPostprocessing = 0;
		};
/* End PBXSourcesBuildPhase section */

/* Begin PBXVariantGroup section */
		1244378322259D5500EE06B4 /* Main.storyboard */ = {
			isa = PBXVariantGroup;
			children = (
				1244378422259D5500EE06B4 /* Base */,
			);
			name = Main.storyboard;
			sourceTree = "<group>";
		};
		1244378822259D5700EE06B4 /* LaunchScreen.storyboard */ = {
			isa = PBXVariantGroup;
			children = (
				1244378922259D5700EE06B4 /* Base */,
			);
			name = LaunchScreen.storyboard;
			sourceTree = "<group>";
		};
/* End PBXVariantGroup section */

/* Begin XCBuildConfiguration section */
		1244378C22259D5700EE06B4 /* Debug */ = {
			isa = XCBuildConfiguration;
			buildSettings = {
				ALWAYS_SEARCH_USER_PATHS = NO;
				CLANG_ANALYZER_NONNULL = YES;
				CLANG_ANALYZER_NUMBER_OBJECT_CONVERSION = YES_AGGRESSIVE;
				CLANG_CXX_LANGUAGE_STANDARD = "gnu++14";
				CLANG_CXX_LIBRARY = "libc++";
				CLANG_ENABLE_MODULES = YES;
				CLANG_ENABLE_OBJC_ARC = YES;
				CLANG_ENABLE_OBJC_WEAK = YES;
				CLANG_WARN_BLOCK_CAPTURE_AUTORELEASING = YES;
				CLANG_WARN_BOOL_CONVERSION = YES;
				CLANG_WARN_COMMA = YES;
				CLANG_WARN_CONSTANT_CONVERSION = YES;
				CLANG_WARN_DEPRECATED_OBJC_IMPLEMENTATIONS = YES;
				CLANG_WARN_DIRECT_OBJC_ISA_USAGE = YES_ERROR;
				CLANG_WARN_DOCUMENTATION_COMMENTS = YES;
				CLANG_WARN_EMPTY_BODY = YES;
				CLANG_WARN_ENUM_CONVERSION = YES;
				CLANG_WARN_INFINITE_RECURSION = YES;
				CLANG_WARN_INT_CONVERSION = YES;
				CLANG_WARN_NON_LITERAL_NULL_CONVERSION = YES;
				CLANG_WARN_OBJC_IMPLICIT_RETAIN_SELF = YES;
				CLANG_WARN_OBJC_LITERAL_CONVERSION = YES;
				CLANG_WARN_OBJC_ROOT_CLASS = YES_ERROR;
				CLANG_WARN_RANGE_LOOP_ANALYSIS = YES;
				CLANG_WARN_STRICT_PROTOTYPES = YES;
				CLANG_WARN_SUSPICIOUS_MOVE = YES;
				CLANG_WARN_UNGUARDED_AVAILABILITY = YES_AGGRESSIVE;
				CLANG_WARN_UNREACHABLE_CODE = YES;
				CLANG_WARN__DUPLICATE_METHOD_MATCH = YES;
				CODE_SIGN_IDENTITY = "iPhone Developer";
				COPY_PHASE_STRIP = NO;
				DEBUG_INFORMATION_FORMAT = dwarf;
				ENABLE_STRICT_OBJC_MSGSEND = YES;
				ENABLE_TESTABILITY = YES;
				GCC_C_LANGUAGE_STANDARD = gnu11;
				GCC_DYNAMIC_NO_PIC = NO;
				GCC_NO_COMMON_BLOCKS = YES;
				GCC_OPTIMIZATION_LEVEL = 0;
				GCC_PREPROCESSOR_DEFINITIONS = (
					"DEBUG=1",
					"$(inherited)",
				);
				GCC_WARN_64_TO_32_BIT_CONVERSION = YES;
				GCC_WARN_ABOUT_RETURN_TYPE = YES_ERROR;
				GCC_WARN_UNDECLARED_SELECTOR = YES;
				GCC_WARN_UNINITIALIZED_AUTOS = YES_AGGRESSIVE;
				GCC_WARN_UNUSED_FUNCTION = YES;
				GCC_WARN_UNUSED_VARIABLE = YES;
				IPHONEOS_DEPLOYMENT_TARGET = 12.2;
				MTL_ENABLE_DEBUG_INFO = INCLUDE_SOURCE;
				MTL_FAST_MATH = YES;
				ONLY_ACTIVE_ARCH = YES;
				SDKROOT = iphoneos;
				SWIFT_ACTIVE_COMPILATION_CONDITIONS = DEBUG;
				SWIFT_OPTIMIZATION_LEVEL = "-Onone";
			};
			name = Debug;
		};
		1244378D22259D5700EE06B4 /* Release */ = {
			isa = XCBuildConfiguration;
			buildSettings = {
				ALWAYS_SEARCH_USER_PATHS = NO;
				CLANG_ANALYZER_NONNULL = YES;
				CLANG_ANALYZER_NUMBER_OBJECT_CONVERSION = YES_AGGRESSIVE;
				CLANG_CXX_LANGUAGE_STANDARD = "gnu++14";
				CLANG_CXX_LIBRARY = "libc++";
				CLANG_ENABLE_MODULES = YES;
				CLANG_ENABLE_OBJC_ARC = YES;
				CLANG_ENABLE_OBJC_WEAK = YES;
				CLANG_WARN_BLOCK_CAPTURE_AUTORELEASING = YES;
				CLANG_WARN_BOOL_CONVERSION = YES;
				CLANG_WARN_COMMA = YES;
				CLANG_WARN_CONSTANT_CONVERSION = YES;
				CLANG_WARN_DEPRECATED_OBJC_IMPLEMENTATIONS = YES;
				CLANG_WARN_DIRECT_OBJC_ISA_USAGE = YES_ERROR;
				CLANG_WARN_DOCUMENTATION_COMMENTS = YES;
				CLANG_WARN_EMPTY_BODY = YES;
				CLANG_WARN_ENUM_CONVERSION = YES;
				CLANG_WARN_INFINITE_RECURSION = YES;
				CLANG_WARN_INT_CONVERSION = YES;
				CLANG_WARN_NON_LITERAL_NULL_CONVERSION = YES;
				CLANG_WARN_OBJC_IMPLICIT_RETAIN_SELF = YES;
				CLANG_WARN_OBJC_LITERAL_CONVERSION = YES;
				CLANG_WARN_OBJC_ROOT_CLASS = YES_ERROR;
				CLANG_WARN_RANGE_LOOP_ANALYSIS = YES;
				CLANG_WARN_STRICT_PROTOTYPES = YES;
				CLANG_WARN_SUSPICIOUS_MOVE = YES;
				CLANG_WARN_UNGUARDED_AVAILABILITY = YES_AGGRESSIVE;
				CLANG_WARN_UNREACHABLE_CODE = YES;
				CLANG_WARN__DUPLICATE_METHOD_MATCH = YES;
				CODE_SIGN_IDENTITY = "iPhone Developer";
				COPY_PHASE_STRIP = NO;
				DEBUG_INFORMATION_FORMAT = "dwarf-with-dsym";
				ENABLE_NS_ASSERTIONS = NO;
				ENABLE_STRICT_OBJC_MSGSEND = YES;
				GCC_C_LANGUAGE_STANDARD = gnu11;
				GCC_NO_COMMON_BLOCKS = YES;
				GCC_WARN_64_TO_32_BIT_CONVERSION = YES;
				GCC_WARN_ABOUT_RETURN_TYPE = YES_ERROR;
				GCC_WARN_UNDECLARED_SELECTOR = YES;
				GCC_WARN_UNINITIALIZED_AUTOS = YES_AGGRESSIVE;
				GCC_WARN_UNUSED_FUNCTION = YES;
				GCC_WARN_UNUSED_VARIABLE = YES;
				IPHONEOS_DEPLOYMENT_TARGET = 12.2;
				MTL_ENABLE_DEBUG_INFO = NO;
				MTL_FAST_MATH = YES;
				SDKROOT = iphoneos;
				SWIFT_COMPILATION_MODE = wholemodule;
				SWIFT_OPTIMIZATION_LEVEL = "-O";
				VALIDATE_PRODUCT = YES;
			};
			name = Release;
		};
		1244378F22259D5700EE06B4 /* Debug */ = {
			isa = XCBuildConfiguration;
			buildSettings = {
				ASSETCATALOG_COMPILER_APPICON_NAME = AppIcon;
				CODE_SIGN_STYLE = Automatic;
				INFOPLIST_FILE = "Guitar Theory/Info.plist";
				LD_RUNPATH_SEARCH_PATHS = (
					"$(inherited)",
					"@executable_path/Frameworks",
				);
				PRODUCT_BUNDLE_IDENTIFIER = "App-Production.Guitar-Theory";
				PRODUCT_NAME = "$(TARGET_NAME)";
				SWIFT_VERSION = 5.0;
				TARGETED_DEVICE_FAMILY = "1,2";
			};
			name = Debug;
		};
		1244379022259D5700EE06B4 /* Release */ = {
			isa = XCBuildConfiguration;
			buildSettings = {
				ASSETCATALOG_COMPILER_APPICON_NAME = AppIcon;
				CODE_SIGN_STYLE = Automatic;
				INFOPLIST_FILE = "Guitar Theory/Info.plist";
				LD_RUNPATH_SEARCH_PATHS = (
					"$(inherited)",
					"@executable_path/Frameworks",
				);
				PRODUCT_BUNDLE_IDENTIFIER = "App-Production.Guitar-Theory";
				PRODUCT_NAME = "$(TARGET_NAME)";
				SWIFT_VERSION = 5.0;
				TARGETED_DEVICE_FAMILY = "1,2";
			};
			name = Release;
		};
/* End XCBuildConfiguration section */

/* Begin XCConfigurationList section */
		1244377522259D5500EE06B4 /* Build configuration list for PBXProject "Guitar Theory" */ = {
			isa = XCConfigurationList;
			buildConfigurations = (
				1244378C22259D5700EE06B4 /* Debug */,
				1244378D22259D5700EE06B4 /* Release */,
			);
			defaultConfigurationIsVisible = 0;
			defaultConfigurationName = Release;
		};
		1244378E22259D5700EE06B4 /* Build configuration list for PBXNativeTarget "Guitar Theory" */ = {
			isa = XCConfigurationList;
			buildConfigurations = (
				1244378F22259D5700EE06B4 /* Debug */,
				1244379022259D5700EE06B4 /* Release */,
			);
			defaultConfigurationIsVisible = 0;
			defaultConfigurationName = Release;
		};
/* End XCConfigurationList section */
	};
	rootObject = 1244377222259D5500EE06B4 /* Project object */;
}
